
Microsoft Visual Studio Solution File, Format Version 12.00
# Visual Studio Version 16
VisualStudioVersion = 16.0.30517.126
MinimumVisualStudioVersion = 10.0.40219.1
Project("{888888A0-9F3D-457C-B088-3A5042F75D52}") = "PythonLabka3", "PythonLabka3\PythonLabka3.pyproj", "{75133645-FDCE-45CF-88E8-B8E1BEBF0367}"
EndProject
Global
	GlobalSection(SolutionConfigurationPlatforms) = preSolution
		Debug|Any CPU = Debug|Any CPU
		Release|Any CPU = Release|Any CPU
	EndGlobalSection
	GlobalSection(ProjectConfigurationPlatforms) = postSolution
		{75133645-FDCE-45CF-88E8-B8E1BEBF0367}.Debug|Any CPU.ActiveCfg = Debug|Any CPU
		{75133645-FDCE-45CF-88E8-B8E1BEBF0367}.Release|Any CPU.ActiveCfg = Release|Any CPU
	EndGlobalSection
	GlobalSection(SolutionProperties) = preSolution
		HideSolutionNode = FALSE
	EndGlobalSection
	GlobalSection(ExtensibilityGlobals) = postSolution
		SolutionGuid = {F1281089-6F8A-44E3-B0D6-96A5B577F4CD}
	EndGlobalSection
EndGlobal
